// !$*UTF8*$!
{
	archiveVersion = 1;
	classes = {
	};
	objectVersion = 51;
	objects = {

/* Begin PBXBuildFile section */
		3C09399423D818F9008C2787 /* AppDelegate.swift in Sources */ = {isa = PBXBuildFile; fileRef = 3C09399323D818F9008C2787 /* AppDelegate.swift */; };
		3C09399623D818F9008C2787 /* SceneDelegate.swift in Sources */ = {isa = PBXBuildFile; fileRef = 3C09399523D818F9008C2787 /* SceneDelegate.swift */; };
		3C09399B23D818F9008C2787 /* Main.storyboard in Resources */ = {isa = PBXBuildFile; fileRef = 3C09399923D818F9008C2787 /* Main.storyboard */; };
		3C09399D23D818FE008C2787 /* Assets.xcassets in Resources */ = {isa = PBXBuildFile; fileRef = 3C09399C23D818FE008C2787 /* Assets.xcassets */; };
		3C0939A023D818FE008C2787 /* LaunchScreen.storyboard in Resources */ = {isa = PBXBuildFile; fileRef = 3C09399E23D818FE008C2787 /* LaunchScreen.storyboard */; };
		3C0939AB23D818FE008C2787 /* MarsplayTests.swift in Sources */ = {isa = PBXBuildFile; fileRef = 3C0939AA23D818FE008C2787 /* MarsplayTests.swift */; };
		3C0939BE23D822D4008C2787 /* MoviesListViewController.swift in Sources */ = {isa = PBXBuildFile; fileRef = 3C0939BD23D822D4008C2787 /* MoviesListViewController.swift */; };
		3C0939C023D822FF008C2787 /* MoviesListInteractor.swift in Sources */ = {isa = PBXBuildFile; fileRef = 3C0939BF23D822FF008C2787 /* MoviesListInteractor.swift */; };
		3C0939C223D82317008C2787 /* MoviesListPresenter.swift in Sources */ = {isa = PBXBuildFile; fileRef = 3C0939C123D82317008C2787 /* MoviesListPresenter.swift */; };
		3C0939C423D82327008C2787 /* Movie.swift in Sources */ = {isa = PBXBuildFile; fileRef = 3C0939C323D82327008C2787 /* Movie.swift */; };
		3C0939C623D8235D008C2787 /* MoviesListRouter.swift in Sources */ = {isa = PBXBuildFile; fileRef = 3C0939C523D8235D008C2787 /* MoviesListRouter.swift */; };
		3C0939C823D8237B008C2787 /* MovieListProtocols.swift in Sources */ = {isa = PBXBuildFile; fileRef = 3C0939C723D8237B008C2787 /* MovieListProtocols.swift */; };
		3C0939CB23D83165008C2787 /* MoviesListFetcher.swift in Sources */ = {isa = PBXBuildFile; fileRef = 3C0939CA23D83165008C2787 /* MoviesListFetcher.swift */; };
		3C0939CF23D96554008C2787 /* MarsplayError.swift in Sources */ = {isa = PBXBuildFile; fileRef = 3C0939CE23D96554008C2787 /* MarsplayError.swift */; };
		3C0939D223D966CD008C2787 /* ApiClient.swift in Sources */ = {isa = PBXBuildFile; fileRef = 3C0939D123D966CD008C2787 /* ApiClient.swift */; };
		3C0939D423D968C3008C2787 /* Reachability.swift in Sources */ = {isa = PBXBuildFile; fileRef = 3C0939D323D968C3008C2787 /* Reachability.swift */; };
		3CE93B8E23DA9EAD00AFD6A5 /* MovieListCollectionViewCell.xib in Resources */ = {isa = PBXBuildFile; fileRef = 3CE93B8D23DA9EAD00AFD6A5 /* MovieListCollectionViewCell.xib */; };
		3CE93B9023DA9EE700AFD6A5 /* MovieListCollectionViewCell.swift in Sources */ = {isa = PBXBuildFile; fileRef = 3CE93B8F23DA9EE700AFD6A5 /* MovieListCollectionViewCell.swift */; };
		3CE93B9323DAA59D00AFD6A5 /* Date+Ext.swift in Sources */ = {isa = PBXBuildFile; fileRef = 3CE93B9223DAA59D00AFD6A5 /* Date+Ext.swift */; };
		3CE93B9523DAB30700AFD6A5 /* UIView+Ext.swift in Sources */ = {isa = PBXBuildFile; fileRef = 3CE93B9423DAB30700AFD6A5 /* UIView+Ext.swift */; };
		3CE93B9723DADD9C00AFD6A5 /* MovieListCollectionFooterView.xib in Resources */ = {isa = PBXBuildFile; fileRef = 3CE93B9623DADD9C00AFD6A5 /* MovieListCollectionFooterView.xib */; };
		3CE93B9923DADE3100AFD6A5 /* MovieListCollectionFooterView.swift in Sources */ = {isa = PBXBuildFile; fileRef = 3CE93B9823DADE3100AFD6A5 /* MovieListCollectionFooterView.swift */; };
		56B201AEE01AF948775EECC9 /* Pods_Marsplay.framework in Frameworks */ = {isa = PBXBuildFile; fileRef = 0A7218253BDBA65B327FBD12 /* Pods_Marsplay.framework */; };
		CF8EEB940C24B9D41DA8DC0C /* Pods_MarsplayTests.framework in Frameworks */ = {isa = PBXBuildFile; fileRef = 4B5C324A6D25D68FB20B8382 /* Pods_MarsplayTests.framework */; };
/* End PBXBuildFile section */

/* Begin PBXContainerItemProxy section */
		3C0939A723D818FE008C2787 /* PBXContainerItemProxy */ = {
			isa = PBXContainerItemProxy;
			containerPortal = 3C09398823D818F8008C2787 /* Project object */;
			proxyType = 1;
			remoteGlobalIDString = 3C09398F23D818F8008C2787;
			remoteInfo = Marsplay;
		};
/* End PBXContainerItemProxy section */

/* Begin PBXFileReference section */
		0A7218253BDBA65B327FBD12 /* Pods_Marsplay.framework */ = {isa = PBXFileReference; explicitFileType = wrapper.framework; includeInIndex = 0; path = Pods_Marsplay.framework; sourceTree = BUILT_PRODUCTS_DIR; };
		119B3E49E4D126D3A9069B40 /* Pods-MarsplayTests.release.xcconfig */ = {isa = PBXFileReference; includeInIndex = 1; lastKnownFileType = text.xcconfig; name = "Pods-MarsplayTests.release.xcconfig"; path = "Target Support Files/Pods-MarsplayTests/Pods-MarsplayTests.release.xcconfig"; sourceTree = "<group>"; };
		3C09399023D818F9008C2787 /* Marsplay.app */ = {isa = PBXFileReference; explicitFileType = wrapper.application; includeInIndex = 0; path = Marsplay.app; sourceTree = BUILT_PRODUCTS_DIR; };
		3C09399323D818F9008C2787 /* AppDelegate.swift */ = {isa = PBXFileReference; lastKnownFileType = sourcecode.swift; path = AppDelegate.swift; sourceTree = "<group>"; };
		3C09399523D818F9008C2787 /* SceneDelegate.swift */ = {isa = PBXFileReference; lastKnownFileType = sourcecode.swift; path = SceneDelegate.swift; sourceTree = "<group>"; };
		3C09399A23D818F9008C2787 /* Base */ = {isa = PBXFileReference; lastKnownFileType = file.storyboard; name = Base; path = Base.lproj/Main.storyboard; sourceTree = "<group>"; };
		3C09399C23D818FE008C2787 /* Assets.xcassets */ = {isa = PBXFileReference; lastKnownFileType = folder.assetcatalog; path = Assets.xcassets; sourceTree = "<group>"; };
		3C09399F23D818FE008C2787 /* Base */ = {isa = PBXFileReference; lastKnownFileType = file.storyboard; name = Base; path = Base.lproj/LaunchScreen.storyboard; sourceTree = "<group>"; };
		3C0939A123D818FE008C2787 /* Info.plist */ = {isa = PBXFileReference; lastKnownFileType = text.plist.xml; path = Info.plist; sourceTree = "<group>"; };
		3C0939A623D818FE008C2787 /* MarsplayTests.xctest */ = {isa = PBXFileReference; explicitFileType = wrapper.cfbundle; includeInIndex = 0; path = MarsplayTests.xctest; sourceTree = BUILT_PRODUCTS_DIR; };
		3C0939AA23D818FE008C2787 /* MarsplayTests.swift */ = {isa = PBXFileReference; lastKnownFileType = sourcecode.swift; path = MarsplayTests.swift; sourceTree = "<group>"; };
		3C0939AC23D818FE008C2787 /* Info.plist */ = {isa = PBXFileReference; lastKnownFileType = text.plist.xml; path = Info.plist; sourceTree = "<group>"; };
		3C0939BD23D822D4008C2787 /* MoviesListViewController.swift */ = {isa = PBXFileReference; lastKnownFileType = sourcecode.swift; path = MoviesListViewController.swift; sourceTree = "<group>"; };
		3C0939BF23D822FF008C2787 /* MoviesListInteractor.swift */ = {isa = PBXFileReference; lastKnownFileType = sourcecode.swift; path = MoviesListInteractor.swift; sourceTree = "<group>"; };
		3C0939C123D82317008C2787 /* MoviesListPresenter.swift */ = {isa = PBXFileReference; lastKnownFileType = sourcecode.swift; path = MoviesListPresenter.swift; sourceTree = "<group>"; };
		3C0939C323D82327008C2787 /* Movie.swift */ = {isa = PBXFileReference; lastKnownFileType = sourcecode.swift; path = Movie.swift; sourceTree = "<group>"; };
		3C0939C523D8235D008C2787 /* MoviesListRouter.swift */ = {isa = PBXFileReference; lastKnownFileType = sourcecode.swift; path = MoviesListRouter.swift; sourceTree = "<group>"; };
		3C0939C723D8237B008C2787 /* MovieListProtocols.swift */ = {isa = PBXFileReference; lastKnownFileType = sourcecode.swift; path = MovieListProtocols.swift; sourceTree = "<group>"; };
		3C0939CA23D83165008C2787 /* MoviesListFetcher.swift */ = {isa = PBXFileReference; lastKnownFileType = sourcecode.swift; path = MoviesListFetcher.swift; sourceTree = "<group>"; };
		3C0939CE23D96554008C2787 /* MarsplayError.swift */ = {isa = PBXFileReference; lastKnownFileType = sourcecode.swift; path = MarsplayError.swift; sourceTree = "<group>"; };
		3C0939D123D966CD008C2787 /* ApiClient.swift */ = {isa = PBXFileReference; lastKnownFileType = sourcecode.swift; path = ApiClient.swift; sourceTree = "<group>"; };
		3C0939D323D968C3008C2787 /* Reachability.swift */ = {isa = PBXFileReference; lastKnownFileType = sourcecode.swift; path = Reachability.swift; sourceTree = "<group>"; };
		3CE93B8D23DA9EAD00AFD6A5 /* MovieListCollectionViewCell.xib */ = {isa = PBXFileReference; lastKnownFileType = file.xib; path = MovieListCollectionViewCell.xib; sourceTree = "<group>"; };
		3CE93B8F23DA9EE700AFD6A5 /* MovieListCollectionViewCell.swift */ = {isa = PBXFileReference; lastKnownFileType = sourcecode.swift; path = MovieListCollectionViewCell.swift; sourceTree = "<group>"; };
		3CE93B9223DAA59D00AFD6A5 /* Date+Ext.swift */ = {isa = PBXFileReference; lastKnownFileType = sourcecode.swift; path = "Date+Ext.swift"; sourceTree = "<group>"; };
		3CE93B9423DAB30700AFD6A5 /* UIView+Ext.swift */ = {isa = PBXFileReference; lastKnownFileType = sourcecode.swift; path = "UIView+Ext.swift"; sourceTree = "<group>"; };
		3CE93B9623DADD9C00AFD6A5 /* MovieListCollectionFooterView.xib */ = {isa = PBXFileReference; lastKnownFileType = file.xib; path = MovieListCollectionFooterView.xib; sourceTree = "<group>"; };
		3CE93B9823DADE3100AFD6A5 /* MovieListCollectionFooterView.swift */ = {isa = PBXFileReference; lastKnownFileType = sourcecode.swift; path = MovieListCollectionFooterView.swift; sourceTree = "<group>"; };
		4B5C324A6D25D68FB20B8382 /* Pods_MarsplayTests.framework */ = {isa = PBXFileReference; explicitFileType = wrapper.framework; includeInIndex = 0; path = Pods_MarsplayTests.framework; sourceTree = BUILT_PRODUCTS_DIR; };
		8ADEC1512C4C27C0C189A042 /* Pods-Marsplay.debug.xcconfig */ = {isa = PBXFileReference; includeInIndex = 1; lastKnownFileType = text.xcconfig; name = "Pods-Marsplay.debug.xcconfig"; path = "Target Support Files/Pods-Marsplay/Pods-Marsplay.debug.xcconfig"; sourceTree = "<group>"; };
		8B51218304FB4F1DB4A2AAE6 /* Pods-Marsplay.release.xcconfig */ = {isa = PBXFileReference; includeInIndex = 1; lastKnownFileType = text.xcconfig; name = "Pods-Marsplay.release.xcconfig"; path = "Target Support Files/Pods-Marsplay/Pods-Marsplay.release.xcconfig"; sourceTree = "<group>"; };
		D3E261C051170F56C8DD0BED /* Pods-MarsplayTests.debug.xcconfig */ = {isa = PBXFileReference; includeInIndex = 1; lastKnownFileType = text.xcconfig; name = "Pods-MarsplayTests.debug.xcconfig"; path = "Target Support Files/Pods-MarsplayTests/Pods-MarsplayTests.debug.xcconfig"; sourceTree = "<group>"; };
/* End PBXFileReference section */

/* Begin PBXFrameworksBuildPhase section */
		3C09398D23D818F8008C2787 /* Frameworks */ = {
			isa = PBXFrameworksBuildPhase;
			buildActionMask = 2147483647;
			files = (
				56B201AEE01AF948775EECC9 /* Pods_Marsplay.framework in Frameworks */,
			);
			runOnlyForDeploymentPostprocessing = 0;
		};
		3C0939A323D818FE008C2787 /* Frameworks */ = {
			isa = PBXFrameworksBuildPhase;
			buildActionMask = 2147483647;
			files = (
				CF8EEB940C24B9D41DA8DC0C /* Pods_MarsplayTests.framework in Frameworks */,
			);
			runOnlyForDeploymentPostprocessing = 0;
		};
/* End PBXFrameworksBuildPhase section */

/* Begin PBXGroup section */
		38FA65376AAA4A5FC7EF935E /* Pods */ = {
			isa = PBXGroup;
			children = (
				8ADEC1512C4C27C0C189A042 /* Pods-Marsplay.debug.xcconfig */,
				8B51218304FB4F1DB4A2AAE6 /* Pods-Marsplay.release.xcconfig */,
				D3E261C051170F56C8DD0BED /* Pods-MarsplayTests.debug.xcconfig */,
				119B3E49E4D126D3A9069B40 /* Pods-MarsplayTests.release.xcconfig */,
			);
			path = Pods;
			sourceTree = "<group>";
		};
		3C09398723D818F8008C2787 = {
			isa = PBXGroup;
			children = (
				3C09399223D818F9008C2787 /* Marsplay */,
				3C0939A923D818FE008C2787 /* MarsplayTests */,
				3C09399123D818F9008C2787 /* Products */,
				38FA65376AAA4A5FC7EF935E /* Pods */,
				CF4B56F3CDE590B468C7C39A /* Frameworks */,
			);
			sourceTree = "<group>";
		};
		3C09399123D818F9008C2787 /* Products */ = {
			isa = PBXGroup;
			children = (
				3C09399023D818F9008C2787 /* Marsplay.app */,
				3C0939A623D818FE008C2787 /* MarsplayTests.xctest */,
			);
			name = Products;
			sourceTree = "<group>";
		};
		3C09399223D818F9008C2787 /* Marsplay */ = {
			isa = PBXGroup;
			children = (
				3C0939CC23D96530008C2787 /* Common */,
				3C0939B623D82222008C2787 /* MoviesList */,
				3C09399323D818F9008C2787 /* AppDelegate.swift */,
				3C09399523D818F9008C2787 /* SceneDelegate.swift */,
				3C09399923D818F9008C2787 /* Main.storyboard */,
				3C09399C23D818FE008C2787 /* Assets.xcassets */,
				3C09399E23D818FE008C2787 /* LaunchScreen.storyboard */,
				3C0939A123D818FE008C2787 /* Info.plist */,
			);
			path = Marsplay;
			sourceTree = "<group>";
		};
		3C0939A923D818FE008C2787 /* MarsplayTests */ = {
			isa = PBXGroup;
			children = (
				3C0939AA23D818FE008C2787 /* MarsplayTests.swift */,
				3C0939AC23D818FE008C2787 /* Info.plist */,
			);
			path = MarsplayTests;
			sourceTree = "<group>";
		};
		3C0939B623D82222008C2787 /* MoviesList */ = {
			isa = PBXGroup;
			children = (
				3C0939B923D82284008C2787 /* Views */,
				3C0939BB23D82284008C2787 /* Interactor */,
				3C0939B723D82284008C2787 /* Presenter */,
				3C0939C923D82E60008C2787 /* Fetcher */,
				3C0939B823D82284008C2787 /* Entity */,
				3C0939BA23D82284008C2787 /* Protocols */,
				3C0939BC23D82284008C2787 /* Router */,
			);
			path = MoviesList;
			sourceTree = "<group>";
		};
		3C0939B723D82284008C2787 /* Presenter */ = {
			isa = PBXGroup;
			children = (
				3C0939C123D82317008C2787 /* MoviesListPresenter.swift */,
			);
			path = Presenter;
			sourceTree = "<group>";
		};
		3C0939B823D82284008C2787 /* Entity */ = {
			isa = PBXGroup;
			children = (
				3C0939C323D82327008C2787 /* Movie.swift */,
			);
			path = Entity;
			sourceTree = "<group>";
		};
		3C0939B923D82284008C2787 /* Views */ = {
			isa = PBXGroup;
			children = (
				3C0939BD23D822D4008C2787 /* MoviesListViewController.swift */,
				3CE93B8D23DA9EAD00AFD6A5 /* MovieListCollectionViewCell.xib */,
				3CE93B8F23DA9EE700AFD6A5 /* MovieListCollectionViewCell.swift */,
				3CE93B9623DADD9C00AFD6A5 /* MovieListCollectionFooterView.xib */,
				3CE93B9823DADE3100AFD6A5 /* MovieListCollectionFooterView.swift */,
			);
			path = Views;
			sourceTree = "<group>";
		};
		3C0939BA23D82284008C2787 /* Protocols */ = {
			isa = PBXGroup;
			children = (
				3C0939C723D8237B008C2787 /* MovieListProtocols.swift */,
			);
			path = Protocols;
			sourceTree = "<group>";
		};
		3C0939BB23D82284008C2787 /* Interactor */ = {
			isa = PBXGroup;
			children = (
				3C0939BF23D822FF008C2787 /* MoviesListInteractor.swift */,
			);
			path = Interactor;
			sourceTree = "<group>";
		};
		3C0939BC23D82284008C2787 /* Router */ = {
			isa = PBXGroup;
			children = (
				3C0939C523D8235D008C2787 /* MoviesListRouter.swift */,
			);
			path = Router;
			sourceTree = "<group>";
		};
		3C0939C923D82E60008C2787 /* Fetcher */ = {
			isa = PBXGroup;
			children = (
				3C0939CA23D83165008C2787 /* MoviesListFetcher.swift */,
			);
			path = Fetcher;
			sourceTree = "<group>";
		};
		3C0939CC23D96530008C2787 /* Common */ = {
			isa = PBXGroup;
			children = (
				3CE93B9123DAA58F00AFD6A5 /* Extensions */,
				3C0939D023D965AE008C2787 /* APICLient */,
				3C0939CD23D96537008C2787 /* Error */,
			);
			path = Common;
			sourceTree = "<group>";
		};
		3C0939CD23D96537008C2787 /* Error */ = {
			isa = PBXGroup;
			children = (
				3C0939CE23D96554008C2787 /* MarsplayError.swift */,
			);
			path = Error;
			sourceTree = "<group>";
		};
		3C0939D023D965AE008C2787 /* APICLient */ = {
			isa = PBXGroup;
			children = (
				3C0939D123D966CD008C2787 /* ApiClient.swift */,
				3C0939D323D968C3008C2787 /* Reachability.swift */,
			);
			path = APICLient;
			sourceTree = "<group>";
		};
		3CE93B9123DAA58F00AFD6A5 /* Extensions */ = {
			isa = PBXGroup;
			children = (
				3CE93B9223DAA59D00AFD6A5 /* Date+Ext.swift */,
				3CE93B9423DAB30700AFD6A5 /* UIView+Ext.swift */,
			);
			path = Extensions;
			sourceTree = "<group>";
		};
		CF4B56F3CDE590B468C7C39A /* Frameworks */ = {
			isa = PBXGroup;
			children = (
				0A7218253BDBA65B327FBD12 /* Pods_Marsplay.framework */,
				4B5C324A6D25D68FB20B8382 /* Pods_MarsplayTests.framework */,
			);
			name = Frameworks;
			sourceTree = "<group>";
		};
/* End PBXGroup section */

/* Begin PBXNativeTarget section */
		3C09398F23D818F8008C2787 /* Marsplay */ = {
			isa = PBXNativeTarget;
			buildConfigurationList = 3C0939AF23D818FE008C2787 /* Build configuration list for PBXNativeTarget "Marsplay" */;
			buildPhases = (
				C216005F7F66C3DD19B14EB2 /* [CP] Check Pods Manifest.lock */,
				3C09398C23D818F8008C2787 /* Sources */,
				3C09398D23D818F8008C2787 /* Frameworks */,
				3C09398E23D818F8008C2787 /* Resources */,
				DC0B904B508E75A5C3F8F541 /* [CP] Embed Pods Frameworks */,
			);
			buildRules = (
			);
			dependencies = (
			);
			name = Marsplay;
			productName = Marsplay;
			productReference = 3C09399023D818F9008C2787 /* Marsplay.app */;
			productType = "com.apple.product-type.application";
		};
		3C0939A523D818FE008C2787 /* MarsplayTests */ = {
			isa = PBXNativeTarget;
			buildConfigurationList = 3C0939B223D818FE008C2787 /* Build configuration list for PBXNativeTarget "MarsplayTests" */;
			buildPhases = (
				28DFEFE851F5D12EA083EA8D /* [CP] Check Pods Manifest.lock */,
				3C0939A223D818FE008C2787 /* Sources */,
				3C0939A323D818FE008C2787 /* Frameworks */,
				3C0939A423D818FE008C2787 /* Resources */,
			);
			buildRules = (
			);
			dependencies = (
				3C0939A823D818FE008C2787 /* PBXTargetDependency */,
			);
			name = MarsplayTests;
			productName = MarsplayTests;
			productReference = 3C0939A623D818FE008C2787 /* MarsplayTests.xctest */;
			productType = "com.apple.product-type.bundle.unit-test";
		};
/* End PBXNativeTarget section */

/* Begin PBXProject section */
		3C09398823D818F8008C2787 /* Project object */ = {
			isa = PBXProject;
			attributes = {
				LastSwiftUpdateCheck = 1120;
				LastUpgradeCheck = 1120;
				ORGANIZATIONNAME = "Amol Prakash";
				TargetAttributes = {
					3C09398F23D818F8008C2787 = {
						CreatedOnToolsVersion = 11.2.1;
					};
					3C0939A523D818FE008C2787 = {
						CreatedOnToolsVersion = 11.2.1;
						TestTargetID = 3C09398F23D818F8008C2787;
					};
				};
			};
			buildConfigurationList = 3C09398B23D818F8008C2787 /* Build configuration list for PBXProject "Marsplay" */;
			compatibilityVersion = "Xcode 9.3";
			developmentRegion = en;
			hasScannedForEncodings = 0;
			knownRegions = (
				en,
				Base,
			);
			mainGroup = 3C09398723D818F8008C2787;
			productRefGroup = 3C09399123D818F9008C2787 /* Products */;
			projectDirPath = "";
			projectRoot = "";
			targets = (
				3C09398F23D818F8008C2787 /* Marsplay */,
				3C0939A523D818FE008C2787 /* MarsplayTests */,
			);
		};
/* End PBXProject section */

/* Begin PBXResourcesBuildPhase section */
		3C09398E23D818F8008C2787 /* Resources */ = {
			isa = PBXResourcesBuildPhase;
			buildActionMask = 2147483647;
			files = (
				3C0939A023D818FE008C2787 /* LaunchScreen.storyboard in Resources */,
				3C09399D23D818FE008C2787 /* Assets.xcassets in Resources */,
				3C09399B23D818F9008C2787 /* Main.storyboard in Resources */,
				3CE93B8E23DA9EAD00AFD6A5 /* MovieListCollectionViewCell.xib in Resources */,
				3CE93B9723DADD9C00AFD6A5 /* MovieListCollectionFooterView.xib in Resources */,
			);
			runOnlyForDeploymentPostprocessing = 0;
		};
		3C0939A423D818FE008C2787 /* Resources */ = {
			isa = PBXResourcesBuildPhase;
			buildActionMask = 2147483647;
			files = (
			);
			runOnlyForDeploymentPostprocessing = 0;
		};
/* End PBXResourcesBuildPhase section */

/* Begin PBXShellScriptBuildPhase section */
		28DFEFE851F5D12EA083EA8D /* [CP] Check Pods Manifest.lock */ = {
			isa = PBXShellScriptBuildPhase;
			buildActionMask = 2147483647;
			files = (
			);
			inputFileListPaths = (
			);
			inputPaths = (
				"${PODS_PODFILE_DIR_PATH}/Podfile.lock",
				"${PODS_ROOT}/Manifest.lock",
			);
			name = "[CP] Check Pods Manifest.lock";
			outputFileListPaths = (
			);
			outputPaths = (
				"$(DERIVED_FILE_DIR)/Pods-MarsplayTests-checkManifestLockResult.txt",
			);
			runOnlyForDeploymentPostprocessing = 0;
			shellPath = /bin/sh;
			shellScript = "diff \"${PODS_PODFILE_DIR_PATH}/Podfile.lock\" \"${PODS_ROOT}/Manifest.lock\" > /dev/null\nif [ $? != 0 ] ; then\n    # print error to STDERR\n    echo \"error: The sandbox is not in sync with the Podfile.lock. Run 'pod install' or update your CocoaPods installation.\" >&2\n    exit 1\nfi\n# This output is used by Xcode 'outputs' to avoid re-running this script phase.\necho \"SUCCESS\" > \"${SCRIPT_OUTPUT_FILE_0}\"\n";
			showEnvVarsInLog = 0;
		};
		C216005F7F66C3DD19B14EB2 /* [CP] Check Pods Manifest.lock */ = {
			isa = PBXShellScriptBuildPhase;
			buildActionMask = 2147483647;
			files = (
			);
			inputFileListPaths = (
			);
			inputPaths = (
				"${PODS_PODFILE_DIR_PATH}/Podfile.lock",
				"${PODS_ROOT}/Manifest.lock",
			);
			name = "[CP] Check Pods Manifest.lock";
			outputFileListPaths = (
			);
			outputPaths = (
				"$(DERIVED_FILE_DIR)/Pods-Marsplay-checkManifestLockResult.txt",
			);
			runOnlyForDeploymentPostprocessing = 0;
			shellPath = /bin/sh;
			shellScript = "diff \"${PODS_PODFILE_DIR_PATH}/Podfile.lock\" \"${PODS_ROOT}/Manifest.lock\" > /dev/null\nif [ $? != 0 ] ; then\n    # print error to STDERR\n    echo \"error: The sandbox is not in sync with the Podfile.lock. Run 'pod install' or update your CocoaPods installation.\" >&2\n    exit 1\nfi\n# This output is used by Xcode 'outputs' to avoid re-running this script phase.\necho \"SUCCESS\" > \"${SCRIPT_OUTPUT_FILE_0}\"\n";
			showEnvVarsInLog = 0;
		};
		DC0B904B508E75A5C3F8F541 /* [CP] Embed Pods Frameworks */ = {
			isa = PBXShellScriptBuildPhase;
			buildActionMask = 2147483647;
			files = (
			);
			inputFileListPaths = (
				"${PODS_ROOT}/Target Support Files/Pods-Marsplay/Pods-Marsplay-frameworks-${CONFIGURATION}-input-files.xcfilelist",
			);
			name = "[CP] Embed Pods Frameworks";
			outputFileListPaths = (
				"${PODS_ROOT}/Target Support Files/Pods-Marsplay/Pods-Marsplay-frameworks-${CONFIGURATION}-output-files.xcfilelist",
			);
			runOnlyForDeploymentPostprocessing = 0;
			shellPath = /bin/sh;
			shellScript = "\"${PODS_ROOT}/Target Support Files/Pods-Marsplay/Pods-Marsplay-frameworks.sh\"\n";
			showEnvVarsInLog = 0;
		};
/* End PBXShellScriptBuildPhase section */

/* Begin PBXSourcesBuildPhase section */
		3C09398C23D818F8008C2787 /* Sources */ = {
			isa = PBXSourcesBuildPhase;
			buildActionMask = 2147483647;
			files = (
				3CE93B9923DADE3100AFD6A5 /* MovieListCollectionFooterView.swift in Sources */,
				3CE93B9523DAB30700AFD6A5 /* UIView+Ext.swift in Sources */,
				3C0939C423D82327008C2787 /* Movie.swift in Sources */,
				3C0939C623D8235D008C2787 /* MoviesListRouter.swift in Sources */,
				3C0939CB23D83165008C2787 /* MoviesListFetcher.swift in Sources */,
				3C09399423D818F9008C2787 /* AppDelegate.swift in Sources */,
				3C09399623D818F9008C2787 /* SceneDelegate.swift in Sources */,
				3C0939BE23D822D4008C2787 /* MoviesListViewController.swift in Sources */,
				3CE93B9023DA9EE700AFD6A5 /* MovieListCollectionViewCell.swift in Sources */,
				3C0939C023D822FF008C2787 /* MoviesListInteractor.swift in Sources */,
				3CE93B9323DAA59D00AFD6A5 /* Date+Ext.swift in Sources */,
				3C0939C823D8237B008C2787 /* MovieListProtocols.swift in Sources */,
				3C0939CF23D96554008C2787 /* MarsplayError.swift in Sources */,
				3C0939C223D82317008C2787 /* MoviesListPresenter.swift in Sources */,
				3C0939D223D966CD008C2787 /* ApiClient.swift in Sources */,
				3C0939D423D968C3008C2787 /* Reachability.swift in Sources */,
			);
			runOnlyForDeploymentPostprocessing = 0;
		};
		3C0939A223D818FE008C2787 /* Sources */ = {
			isa = PBXSourcesBuildPhase;
			buildActionMask = 2147483647;
			files = (
				3C0939AB23D818FE008C2787 /* MarsplayTests.swift in Sources */,
			);
			runOnlyForDeploymentPostprocessing = 0;
		};
/* End PBXSourcesBuildPhase section */

/* Begin PBXTargetDependency section */
		3C0939A823D818FE008C2787 /* PBXTargetDependency */ = {
			isa = PBXTargetDependency;
			target = 3C09398F23D818F8008C2787 /* Marsplay */;
			targetProxy = 3C0939A723D818FE008C2787 /* PBXContainerItemProxy */;
		};
/* End PBXTargetDependency section */

/* Begin PBXVariantGroup section */
		3C09399923D818F9008C2787 /* Main.storyboard */ = {
			isa = PBXVariantGroup;
			children = (
				3C09399A23D818F9008C2787 /* Base */,
			);
			name = Main.storyboard;
			sourceTree = "<group>";
		};
		3C09399E23D818FE008C2787 /* LaunchScreen.storyboard */ = {
			isa = PBXVariantGroup;
			children = (
				3C09399F23D818FE008C2787 /* Base */,
			);
			name = LaunchScreen.storyboard;
			sourceTree = "<group>";
		};
/* End PBXVariantGroup section */

/* Begin XCBuildConfiguration section */
		3C0939AD23D818FE008C2787 /* Debug */ = {
			isa = XCBuildConfiguration;
			buildSettings = {
				ALWAYS_SEARCH_USER_PATHS = NO;
				CLANG_ANALYZER_NONNULL = YES;
				CLANG_ANALYZER_NUMBER_OBJECT_CONVERSION = YES_AGGRESSIVE;
				CLANG_CXX_LANGUAGE_STANDARD = "gnu++14";
				CLANG_CXX_LIBRARY = "libc++";
				CLANG_ENABLE_MODULES = YES;
				CLANG_ENABLE_OBJC_ARC = YES;
				CLANG_ENABLE_OBJC_WEAK = YES;
				CLANG_WARN_BLOCK_CAPTURE_AUTORELEASING = YES;
				CLANG_WARN_BOOL_CONVERSION = YES;
				CLANG_WARN_COMMA = YES;
				CLANG_WARN_CONSTANT_CONVERSION = YES;
				CLANG_WARN_DEPRECATED_OBJC_IMPLEMENTATIONS = YES;
				CLANG_WARN_DIRECT_OBJC_ISA_USAGE = YES_ERROR;
				CLANG_WARN_DOCUMENTATION_COMMENTS = YES;
				CLANG_WARN_EMPTY_BODY = YES;
				CLANG_WARN_ENUM_CONVERSION = YES;
				CLANG_WARN_INFINITE_RECURSION = YES;
				CLANG_WARN_INT_CONVERSION = YES;
				CLANG_WARN_NON_LITERAL_NULL_CONVERSION = YES;
				CLANG_WARN_OBJC_IMPLICIT_RETAIN_SELF = YES;
				CLANG_WARN_OBJC_LITERAL_CONVERSION = YES;
				CLANG_WARN_OBJC_ROOT_CLASS = YES_ERROR;
				CLANG_WARN_RANGE_LOOP_ANALYSIS = YES;
				CLANG_WARN_STRICT_PROTOTYPES = YES;
				CLANG_WARN_SUSPICIOUS_MOVE = YES;
				CLANG_WARN_UNGUARDED_AVAILABILITY = YES_AGGRESSIVE;
				CLANG_WARN_UNREACHABLE_CODE = YES;
				CLANG_WARN__DUPLICATE_METHOD_MATCH = YES;
				COPY_PHASE_STRIP = NO;
				DEBUG_INFORMATION_FORMAT = dwarf;
				ENABLE_STRICT_OBJC_MSGSEND = YES;
				ENABLE_TESTABILITY = YES;
				GCC_C_LANGUAGE_STANDARD = gnu11;
				GCC_DYNAMIC_NO_PIC = NO;
				GCC_NO_COMMON_BLOCKS = YES;
				GCC_OPTIMIZATION_LEVEL = 0;
				GCC_PREPROCESSOR_DEFINITIONS = (
					"DEBUG=1",
					"$(inherited)",
				);
				GCC_WARN_64_TO_32_BIT_CONVERSION = YES;
				GCC_WARN_ABOUT_RETURN_TYPE = YES_ERROR;
				GCC_WARN_UNDECLARED_SELECTOR = YES;
				GCC_WARN_UNINITIALIZED_AUTOS = YES_AGGRESSIVE;
				GCC_WARN_UNUSED_FUNCTION = YES;
				GCC_WARN_UNUSED_VARIABLE = YES;
				IPHONEOS_DEPLOYMENT_TARGET = 13.2;
				MTL_ENABLE_DEBUG_INFO = INCLUDE_SOURCE;
				MTL_FAST_MATH = YES;
				ONLY_ACTIVE_ARCH = YES;
				SDKROOT = iphoneos;
				SWIFT_ACTIVE_COMPILATION_CONDITIONS = DEBUG;
				SWIFT_OPTIMIZATION_LEVEL = "-Onone";
			};
			name = Debug;
		};
		3C0939AE23D818FE008C2787 /* Release */ = {
			isa = XCBuildConfiguration;
			buildSettings = {
				ALWAYS_SEARCH_USER_PATHS = NO;
				CLANG_ANALYZER_NONNULL = YES;
				CLANG_ANALYZER_NUMBER_OBJECT_CONVERSION = YES_AGGRESSIVE;
				CLANG_CXX_LANGUAGE_STANDARD = "gnu++14";
				CLANG_CXX_LIBRARY = "libc++";
				CLANG_ENABLE_MODULES = YES;
				CLANG_ENABLE_OBJC_ARC = YES;
				CLANG_ENABLE_OBJC_WEAK = YES;
				CLANG_WARN_BLOCK_CAPTURE_AUTORELEASING = YES;
				CLANG_WARN_BOOL_CONVERSION = YES;
				CLANG_WARN_COMMA = YES;
				CLANG_WARN_CONSTANT_CONVERSION = YES;
				CLANG_WARN_DEPRECATED_OBJC_IMPLEMENTATIONS = YES;
				CLANG_WARN_DIRECT_OBJC_ISA_USAGE = YES_ERROR;
				CLANG_WARN_DOCUMENTATION_COMMENTS = YES;
				CLANG_WARN_EMPTY_BODY = YES;
				CLANG_WARN_ENUM_CONVERSION = YES;
				CLANG_WARN_INFINITE_RECURSION = YES;
				CLANG_WARN_INT_CONVERSION = YES;
				CLANG_WARN_NON_LITERAL_NULL_CONVERSION = YES;
				CLANG_WARN_OBJC_IMPLICIT_RETAIN_SELF = YES;
				CLANG_WARN_OBJC_LITERAL_CONVERSION = YES;
				CLANG_WARN_OBJC_ROOT_CLASS = YES_ERROR;
				CLANG_WARN_RANGE_LOOP_ANALYSIS = YES;
				CLANG_WARN_STRICT_PROTOTYPES = YES;
				CLANG_WARN_SUSPICIOUS_MOVE = YES;
				CLANG_WARN_UNGUARDED_AVAILABILITY = YES_AGGRESSIVE;
				CLANG_WARN_UNREACHABLE_CODE = YES;
				CLANG_WARN__DUPLICATE_METHOD_MATCH = YES;
				COPY_PHASE_STRIP = NO;
				DEBUG_INFORMATION_FORMAT = "dwarf-with-dsym";
				ENABLE_NS_ASSERTIONS = NO;
				ENABLE_STRICT_OBJC_MSGSEND = YES;
				GCC_C_LANGUAGE_STANDARD = gnu11;
				GCC_NO_COMMON_BLOCKS = YES;
				GCC_WARN_64_TO_32_BIT_CONVERSION = YES;
				GCC_WARN_ABOUT_RETURN_TYPE = YES_ERROR;
				GCC_WARN_UNDECLARED_SELECTOR = YES;
				GCC_WARN_UNINITIALIZED_AUTOS = YES_AGGRESSIVE;
				GCC_WARN_UNUSED_FUNCTION = YES;
				GCC_WARN_UNUSED_VARIABLE = YES;
				IPHONEOS_DEPLOYMENT_TARGET = 13.2;
				MTL_ENABLE_DEBUG_INFO = NO;
				MTL_FAST_MATH = YES;
				SDKROOT = iphoneos;
				SWIFT_COMPILATION_MODE = wholemodule;
				SWIFT_OPTIMIZATION_LEVEL = "-O";
				VALIDATE_PRODUCT = YES;
			};
			name = Release;
		};
		3C0939B023D818FE008C2787 /* Debug */ = {
			isa = XCBuildConfiguration;
			baseConfigurationReference = 8ADEC1512C4C27C0C189A042 /* Pods-Marsplay.debug.xcconfig */;
			buildSettings = {
				ASSETCATALOG_COMPILER_APPICON_NAME = AppIcon;
				CODE_SIGN_STYLE = Automatic;
				INFOPLIST_FILE = Marsplay/Info.plist;
				LD_RUNPATH_SEARCH_PATHS = (
					"$(inherited)",
					"@executable_path/Frameworks",
				);
				PRODUCT_BUNDLE_IDENTIFIER = amolprakash.Marsplay;
				PRODUCT_NAME = "$(TARGET_NAME)";
				SWIFT_VERSION = 5.0;
				TARGETED_DEVICE_FAMILY = "1,2";
			};
			name = Debug;
		};
		3C0939B123D818FE008C2787 /* Release */ = {
			isa = XCBuildConfiguration;
			baseConfigurationReference = 8B51218304FB4F1DB4A2AAE6 /* Pods-Marsplay.release.xcconfig */;
			buildSettings = {
				ASSETCATALOG_COMPILER_APPICON_NAME = AppIcon;
				CODE_SIGN_STYLE = Automatic;
				INFOPLIST_FILE = Marsplay/Info.plist;
				LD_RUNPATH_SEARCH_PATHS = (
					"$(inherited)",
					"@executable_path/Frameworks",
				);
				PRODUCT_BUNDLE_IDENTIFIER = amolprakash.Marsplay;
				PRODUCT_NAME = "$(TARGET_NAME)";
				SWIFT_VERSION = 5.0;
				TARGETED_DEVICE_FAMILY = "1,2";
			};
			name = Release;
		};
		3C0939B323D818FE008C2787 /* Debug */ = {
			isa = XCBuildConfiguration;
			baseConfigurationReference = D3E261C051170F56C8DD0BED /* Pods-MarsplayTests.debug.xcconfig */;
			buildSettings = {
				ALWAYS_EMBED_SWIFT_STANDARD_LIBRARIES = YES;
				BUNDLE_LOADER = "$(TEST_HOST)";
				CODE_SIGN_STYLE = Automatic;
				INFOPLIST_FILE = MarsplayTests/Info.plist;
				IPHONEOS_DEPLOYMENT_TARGET = 13.2;
				LD_RUNPATH_SEARCH_PATHS = (
					"$(inherited)",
					"@executable_path/Frameworks",
					"@loader_path/Frameworks",
				);
				PRODUCT_BUNDLE_IDENTIFIER = amolprakash.MarsplayTests;
				PRODUCT_NAME = "$(TARGET_NAME)";
				SWIFT_VERSION = 5.0;
				TARGETED_DEVICE_FAMILY = "1,2";
				TEST_HOST = "$(BUILT_PRODUCTS_DIR)/Marsplay.app/Marsplay";
			};
			name = Debug;
		};
		3C0939B423D818FE008C2787 /* Release */ = {
			isa = XCBuildConfiguration;
			baseConfigurationReference = 119B3E49E4D126D3A9069B40 /* Pods-MarsplayTests.release.xcconfig */;
			buildSettings = {
				ALWAYS_EMBED_SWIFT_STANDARD_LIBRARIES = YES;
				BUNDLE_LOADER = "$(TEST_HOST)";
				CODE_SIGN_STYLE = Automatic;
				INFOPLIST_FILE = MarsplayTests/Info.plist;
				IPHONEOS_DEPLOYMENT_TARGET = 13.2;
				LD_RUNPATH_SEARCH_PATHS = (
					"$(inherited)",
					"@executable_path/Frameworks",
					"@loader_path/Frameworks",
				);
				PRODUCT_BUNDLE_IDENTIFIER = amolprakash.MarsplayTests;
				PRODUCT_NAME = "$(TARGET_NAME)";
				SWIFT_VERSION = 5.0;
				TARGETED_DEVICE_FAMILY = "1,2";
				TEST_HOST = "$(BUILT_PRODUCTS_DIR)/Marsplay.app/Marsplay";
			};
			name = Release;
		};
/* End XCBuildConfiguration section */

/* Begin XCConfigurationList section */
		3C09398B23D818F8008C2787 /* Build configuration list for PBXProject "Marsplay" */ = {
			isa = XCConfigurationList;
			buildConfigurations = (
				3C0939AD23D818FE008C2787 /* Debug */,
				3C0939AE23D818FE008C2787 /* Release */,
			);
			defaultConfigurationIsVisible = 0;
			defaultConfigurationName = Release;
		};
		3C0939AF23D818FE008C2787 /* Build configuration list for PBXNativeTarget "Marsplay" */ = {
			isa = XCConfigurationList;
			buildConfigurations = (
				3C0939B023D818FE008C2787 /* Debug */,
				3C0939B123D818FE008C2787 /* Release */,
			);
			defaultConfigurationIsVisible = 0;
			defaultConfigurationName = Release;
		};
		3C0939B223D818FE008C2787 /* Build configuration list for PBXNativeTarget "MarsplayTests" */ = {
			isa = XCConfigurationList;
			buildConfigurations = (
				3C0939B323D818FE008C2787 /* Debug */,
				3C0939B423D818FE008C2787 /* Release */,
			);
			defaultConfigurationIsVisible = 0;
			defaultConfigurationName = Release;
		};
/* End XCConfigurationList section */
	};
	rootObject = 3C09398823D818F8008C2787 /* Project object */;
}
